
Microsoft Visual Studio Solution File, Format Version 12.00
# Visual Studio Version 17
VisualStudioVersion = 17.0.31903.59
MinimumVisualStudioVersion = 10.0.40219.1
Project("{2150E333-8FDC-42A3-9474-1A3956D46DE8}") = "tests", "tests", "{3411C46A-6963-4868-9272-3BFB813FC188}"
EndProject
Project("{FAE04EC0-301F-11D3-BF4B-00C04F79EFBC}") = "UnitTests", "tests\UnitTests\UnitTests.csproj", "{3F00EA24-B529-4F81-805F-154E2527F1B0}"
EndProject
Project("{2150E333-8FDC-42A3-9474-1A3956D46DE8}") = "src", "src", "{83D8E69D-5A1C-41C9-99BF-44DE21D5941C}"
EndProject
Project("{FAE04EC0-301F-11D3-BF4B-00C04F79EFBC}") = "Domaincrafters.Application", "src\Domaincrafters.Application\Domaincrafters.Application.csproj", "{4216013B-B422-4DF1-9397-DC61BC1210FF}"
EndProject
Global
	GlobalSection(SolutionConfigurationPlatforms) = preSolution
		Debug|Any CPU = Debug|Any CPU
		Release|Any CPU = Release|Any CPU
	EndGlobalSection
	GlobalSection(SolutionProperties) = preSolution
		HideSolutionNode = FALSE
	EndGlobalSection
	GlobalSection(ProjectConfigurationPlatforms) = postSolution
		{64B021B5-7764-464F-9C90-1B35D8232B44}.Debug|Any CPU.ActiveCfg = Debug|Any CPU
		{64B021B5-7764-464F-9C90-1B35D8232B44}.Debug|Any CPU.Build.0 = Debug|Any CPU
		{64B021B5-7764-464F-9C90-1B35D8232B44}.Release|Any CPU.ActiveCfg = Release|Any CPU
		{64B021B5-7764-464F-9C90-1B35D8232B44}.Release|Any CPU.Build.0 = Release|Any CPU
		{3F00EA24-B529-4F81-805F-154E2527F1B0}.Debug|Any CPU.ActiveCfg = Debug|Any CPU
		{3F00EA24-B529-4F81-805F-154E2527F1B0}.Debug|Any CPU.Build.0 = Debug|Any CPU
		{3F00EA24-B529-4F81-805F-154E2527F1B0}.Release|Any CPU.ActiveCfg = Release|Any CPU
		{3F00EA24-B529-4F81-805F-154E2527F1B0}.Release|Any CPU.Build.0 = Release|Any CPU
		{4216013B-B422-4DF1-9397-DC61BC1210FF}.Debug|Any CPU.ActiveCfg = Debug|Any CPU
		{4216013B-B422-4DF1-9397-DC61BC1210FF}.Debug|Any CPU.Build.0 = Debug|Any CPU
		{4216013B-B422-4DF1-9397-DC61BC1210FF}.Release|Any CPU.ActiveCfg = Release|Any CPU
		{4216013B-B422-4DF1-9397-DC61BC1210FF}.Release|Any CPU.Build.0 = Release|Any CPU
	EndGlobalSection
	GlobalSection(NestedProjects) = preSolution
		{3F00EA24-B529-4F81-805F-154E2527F1B0} = {3411C46A-6963-4868-9272-3BFB813FC188}
		{4216013B-B422-4DF1-9397-DC61BC1210FF} = {83D8E69D-5A1C-41C9-99BF-44DE21D5941C}
	EndGlobalSection
EndGlobal
